
Microsoft Visual Studio Solution File, Format Version 12.00
# Visual Studio Version 17
VisualStudioVersion = 17.2.32526.322
MinimumVisualStudioVersion = 10.0.40219.1
Project("{9A19103F-16F7-4668-BE54-9A1E7A4F7556}") = "RegistrationDirectory.API", "RegistrationDirectory.API\RegistrationDirectory.API.csproj", "{71D2DDFC-1DCD-42D2-A911-6594D23197B4}"
EndProject
Project("{9A19103F-16F7-4668-BE54-9A1E7A4F7556}") = "RegistrationDirectory.DataAccess", "RegistrationDirectory.DataAccess\RegistrationDirectory.DataAccess.csproj", "{F06CB740-B136-45A9-AC80-C9BAEA11AC24}"
EndProject
Project("{9A19103F-16F7-4668-BE54-9A1E7A4F7556}") = "RegistrationDirectory.Service", "RegistrationDirectory.Service\RegistrationDirectory.Service.csproj", "{638443D3-2C7A-4664-ABDC-1A36BFCE6A0E}"
EndProject
Project("{9A19103F-16F7-4668-BE54-9A1E7A4F7556}") = "RegistrationDirectory.Watermark", "RegistrationDirectory.Watermark\RegistrationDirectory.Watermark.csproj", "{06D62032-BA1C-4C0F-AC9E-9F6DED5BB456}"
EndProject
Project("{FAE04EC0-301F-11D3-BF4B-00C04F79EFBC}") = "RegistirationDirectory.SharedLibrary", "RegistirationDirectory.SharedLibrary\RegistirationDirectory.SharedLibrary.csproj", "{96E2C87F-BC39-43A7-8E62-C9B148032FE0}"
EndProject
Global
	GlobalSection(SolutionConfigurationPlatforms) = preSolution
		Debug|Any CPU = Debug|Any CPU
		Release|Any CPU = Release|Any CPU
	EndGlobalSection
	GlobalSection(ProjectConfigurationPlatforms) = postSolution
		{71D2DDFC-1DCD-42D2-A911-6594D23197B4}.Debug|Any CPU.ActiveCfg = Debug|Any CPU
		{71D2DDFC-1DCD-42D2-A911-6594D23197B4}.Debug|Any CPU.Build.0 = Debug|Any CPU
		{71D2DDFC-1DCD-42D2-A911-6594D23197B4}.Release|Any CPU.ActiveCfg = Release|Any CPU
		{71D2DDFC-1DCD-42D2-A911-6594D23197B4}.Release|Any CPU.Build.0 = Release|Any CPU
		{F06CB740-B136-45A9-AC80-C9BAEA11AC24}.Debug|Any CPU.ActiveCfg = Debug|Any CPU
		{F06CB740-B136-45A9-AC80-C9BAEA11AC24}.Debug|Any CPU.Build.0 = Debug|Any CPU
		{F06CB740-B136-45A9-AC80-C9BAEA11AC24}.Release|Any CPU.ActiveCfg = Release|Any CPU
		{F06CB740-B136-45A9-AC80-C9BAEA11AC24}.Release|Any CPU.Build.0 = Release|Any CPU
		{638443D3-2C7A-4664-ABDC-1A36BFCE6A0E}.Debug|Any CPU.ActiveCfg = Debug|Any CPU
		{638443D3-2C7A-4664-ABDC-1A36BFCE6A0E}.Debug|Any CPU.Build.0 = Debug|Any CPU
		{638443D3-2C7A-4664-ABDC-1A36BFCE6A0E}.Release|Any CPU.ActiveCfg = Release|Any CPU
		{638443D3-2C7A-4664-ABDC-1A36BFCE6A0E}.Release|Any CPU.Build.0 = Release|Any CPU
		{06D62032-BA1C-4C0F-AC9E-9F6DED5BB456}.Debug|Any CPU.ActiveCfg = Debug|Any CPU
		{06D62032-BA1C-4C0F-AC9E-9F6DED5BB456}.Debug|Any CPU.Build.0 = Debug|Any CPU
		{06D62032-BA1C-4C0F-AC9E-9F6DED5BB456}.Release|Any CPU.ActiveCfg = Release|Any CPU
		{06D62032-BA1C-4C0F-AC9E-9F6DED5BB456}.Release|Any CPU.Build.0 = Release|Any CPU
		{96E2C87F-BC39-43A7-8E62-C9B148032FE0}.Debug|Any CPU.ActiveCfg = Debug|Any CPU
		{96E2C87F-BC39-43A7-8E62-C9B148032FE0}.Debug|Any CPU.Build.0 = Debug|Any CPU
		{96E2C87F-BC39-43A7-8E62-C9B148032FE0}.Release|Any CPU.ActiveCfg = Release|Any CPU
		{96E2C87F-BC39-43A7-8E62-C9B148032FE0}.Release|Any CPU.Build.0 = Release|Any CPU
	EndGlobalSection
	GlobalSection(SolutionProperties) = preSolution
		HideSolutionNode = FALSE
	EndGlobalSection
	GlobalSection(ExtensibilityGlobals) = postSolution
		SolutionGuid = {4B836691-676C-4C5A-AB58-02CCDFDF1F04}
	EndGlobalSection
EndGlobal
